
Microsoft Visual Studio Solution File, Format Version 12.00
# Visual Studio Version 17
VisualStudioVersion = 17.11.35312.102
MinimumVisualStudioVersion = 10.0.40219.1
Project("{8BC9CEB8-8B4A-11D0-8D11-00A0C91BC942}") = "Physiotherapy Center", "Physiotherapy Center.vcxproj", "{37CD6D75-95F0-4C5C-AC1E-8D5AE523BDE9}"
EndProject
Global
	GlobalSection(SolutionConfigurationPlatforms) = preSolution
		Debug|x64 = Debug|x64
		Debug|x86 = Debug|x86
		Release|x64 = Release|x64
		Release|x86 = Release|x86
	EndGlobalSection
	GlobalSection(ProjectConfigurationPlatforms) = postSolution
		{37CD6D75-95F0-4C5C-AC1E-8D5AE523BDE9}.Debug|x64.ActiveCfg = Debug|x64
		{37CD6D75-95F0-4C5C-AC1E-8D5AE523BDE9}.Debug|x64.Build.0 = Debug|x64
		{37CD6D75-95F0-4C5C-AC1E-8D5AE523BDE9}.Debug|x86.ActiveCfg = Debug|Win32
		{37CD6D75-95F0-4C5C-AC1E-8D5AE523BDE9}.Debug|x86.Build.0 = Debug|Win32
		{37CD6D75-95F0-4C5C-AC1E-8D5AE523BDE9}.Release|x64.ActiveCfg = Release|x64
		{37CD6D75-95F0-4C5C-AC1E-8D5AE523BDE9}.Release|x64.Build.0 = Release|x64
		{37CD6D75-95F0-4C5C-AC1E-8D5AE523BDE9}.Release|x86.ActiveCfg = Release|Win32
		{37CD6D75-95F0-4C5C-AC1E-8D5AE523BDE9}.Release|x86.Build.0 = Release|Win32
	EndGlobalSection
	GlobalSection(SolutionProperties) = preSolution
		HideSolutionNode = FALSE
	EndGlobalSection
	GlobalSection(ExtensibilityGlobals) = postSolution
		SolutionGuid = {E09E7FDB-CF0D-4327-93E6-5E64BBF03948}
	EndGlobalSection
EndGlobal
